
Microsoft Visual Studio Solution File, Format Version 12.00
# Visual Studio Version 17
VisualStudioVersion = 17.11.35208.52
MinimumVisualStudioVersion = 10.0.40219.1
Project("{FAE04EC0-301F-11D3-BF4B-00C04F79EFBC}") = "AiServiceLabb1", "AiServiceLabb1.csproj", "{B45A2CBF-236A-49E0-B474-961C43A6E58C}"
EndProject
Global
	GlobalSection(SolutionConfigurationPlatforms) = preSolution
		Debug|Any CPU = Debug|Any CPU
		Release|Any CPU = Release|Any CPU
	EndGlobalSection
	GlobalSection(ProjectConfigurationPlatforms) = postSolution
		{B45A2CBF-236A-49E0-B474-961C43A6E58C}.Debug|Any CPU.ActiveCfg = Debug|Any CPU
		{B45A2CBF-236A-49E0-B474-961C43A6E58C}.Debug|Any CPU.Build.0 = Debug|Any CPU
		{B45A2CBF-236A-49E0-B474-961C43A6E58C}.Release|Any CPU.ActiveCfg = Release|Any CPU
		{B45A2CBF-236A-49E0-B474-961C43A6E58C}.Release|Any CPU.Build.0 = Release|Any CPU
	EndGlobalSection
	GlobalSection(SolutionProperties) = preSolution
		HideSolutionNode = FALSE
	EndGlobalSection
	GlobalSection(ExtensibilityGlobals) = postSolution
		SolutionGuid = {DD5380E2-F9D2-4FDD-9053-3B1308DEB1ED}
	EndGlobalSection
EndGlobal
